
Microsoft Visual Studio Solution File, Format Version 12.00
# Visual Studio Version 17
VisualStudioVersion = 17.8.34511.84
MinimumVisualStudioVersion = 10.0.40219.1
Project("{FAE04EC0-301F-11D3-BF4B-00C04F79EFBC}") = "Michis_AutoCad_Kostenrechner", "Michis_AutoCad_Kostenrechner\Michis_AutoCad_Kostenrechner.csproj", "{6E0CE7DF-4BE7-4A20-89EF-402C03E63697}"
EndProject
Global
	GlobalSection(SolutionConfigurationPlatforms) = preSolution
		Debug|Any CPU = Debug|Any CPU
		Release|Any CPU = Release|Any CPU
	EndGlobalSection
	GlobalSection(ProjectConfigurationPlatforms) = postSolution
		{6E0CE7DF-4BE7-4A20-89EF-402C03E63697}.Debug|Any CPU.ActiveCfg = Debug|Any CPU
		{6E0CE7DF-4BE7-4A20-89EF-402C03E63697}.Debug|Any CPU.Build.0 = Debug|Any CPU
		{6E0CE7DF-4BE7-4A20-89EF-402C03E63697}.Release|Any CPU.ActiveCfg = Release|Any CPU
		{6E0CE7DF-4BE7-4A20-89EF-402C03E63697}.Release|Any CPU.Build.0 = Release|Any CPU
	EndGlobalSection
	GlobalSection(SolutionProperties) = preSolution
		HideSolutionNode = FALSE
	EndGlobalSection
	GlobalSection(ExtensibilityGlobals) = postSolution
		SolutionGuid = {7D5322A9-7154-4C6A-84F9-0E2792707727}
	EndGlobalSection
EndGlobal
